<?xml version="1.0" encoding="UTF-8"?>
<Scheme
   version = "1.3">
   <BuildAction>
      <BuildActionEntries>
         <BuildActionEntry
            buildForRunning = "YES">
            <BuildableReference
               BuildableIdentifier = "primary"
               BlueprintIdentifier = "C8BD2D2E2911C4770079A959"
               BuildableName = "DesignPlusCodeUIKit15.app"
               BlueprintName = "DesignPlusCodeUIKit15"
               ReferencedContainer = "container:DesignPlusCodeUIKit15.xcodeproj">
            </BuildableReference>
         </BuildActionEntry>
      </BuildActionEntries>
   </BuildAction>
   <LaunchAction
      useCustomWorkingDirectory = "NO"
      buildConfiguration = "Debug"
      allowLocationSimulation = "YES">
      <BuildableProductRunnable>
         <BuildableReference
            BuildableIdentifier = "primary"
            BlueprintIdentifier = "C8BD2D2E2911C4770079A959"
            BuildableName = "DesignPlusCodeUIKit15.app"
            BlueprintName = "DesignPlusCodeUIKit15"
            ReferencedContainer = "container:DesignPlusCodeUIKit15.xcodeproj">
         </BuildableReference>
      </BuildableProductRunnable>
   </LaunchAction>
</Scheme>
