// !$*UTF8*$!
{
	archiveVersion = 1;
	classes = {
	};
	objectVersion = 55;
	objects = {

/* Begin PBXBuildFile section */
		C82101AB2915B9FC00DF28FC /* CoursesTableViewCell.swift in Sources */ = {isa = PBXBuildFile; fileRef = C82101AA2915B9FC00DF28FC /* CoursesTableViewCell.swift */; };
		C82101AD2915CA2600DF28FC /* CoursesViewController.swift in Sources */ = {isa = PBXBuildFile; fileRef = C82101AC2915CA2600DF28FC /* CoursesViewController.swift */; };
		C82101AF2915CCAF00DF28FC /* Section.swift in Sources */ = {isa = PBXBuildFile; fileRef = C82101AE2915CCAF00DF28FC /* Section.swift */; };
		C82101B12916934600DF28FC /* SectionTableViewCell.swift in Sources */ = {isa = PBXBuildFile; fileRef = C82101B02916934600DF28FC /* SectionTableViewCell.swift */; };
		C85551DC2916C7B700791F52 /* CustomTabBarController.swift in Sources */ = {isa = PBXBuildFile; fileRef = C85551DB2916C7B700791F52 /* CustomTabBarController.swift */; };
		C859018A2912EDB500A00C63 /* CustomBlurView.swift in Sources */ = {isa = PBXBuildFile; fileRef = C85901892912EDB500A00C63 /* CustomBlurView.swift */; };
		C859018E2912EE4500A00C63 /* Font.swift in Sources */ = {isa = PBXBuildFile; fileRef = C859018B2912EE4400A00C63 /* Font.swift */; };
		C859018F2912EE4500A00C63 /* CustomView.swift in Sources */ = {isa = PBXBuildFile; fileRef = C859018C2912EE4500A00C63 /* CustomView.swift */; };
		C85901902912EE4500A00C63 /* CustomImageView.swift in Sources */ = {isa = PBXBuildFile; fileRef = C859018D2912EE4500A00C63 /* CustomImageView.swift */; };
		C86F53722914797000AE6C22 /* HandbookCollectionViewCell.swift in Sources */ = {isa = PBXBuildFile; fileRef = C86F53712914797000AE6C22 /* HandbookCollectionViewCell.swift */; };
		C8BD2D332911C4770079A959 /* AppDelegate.swift in Sources */ = {isa = PBXBuildFile; fileRef = C8BD2D322911C4770079A959 /* AppDelegate.swift */; };
		C8BD2D352911C4770079A959 /* SceneDelegate.swift in Sources */ = {isa = PBXBuildFile; fileRef = C8BD2D342911C4770079A959 /* SceneDelegate.swift */; };
		C8BD2D372911C4770079A959 /* FeaturedViewController.swift in Sources */ = {isa = PBXBuildFile; fileRef = C8BD2D362911C4770079A959 /* FeaturedViewController.swift */; };
		C8BD2D3A2911C4770079A959 /* Main.storyboard in Resources */ = {isa = PBXBuildFile; fileRef = C8BD2D382911C4770079A959 /* Main.storyboard */; };
		C8BD2D3C2911C4790079A959 /* Assets.xcassets in Resources */ = {isa = PBXBuildFile; fileRef = C8BD2D3B2911C4790079A959 /* Assets.xcassets */; };
		C8BD2D3F2911C4790079A959 /* LaunchScreen.storyboard in Resources */ = {isa = PBXBuildFile; fileRef = C8BD2D3D2911C4790079A959 /* LaunchScreen.storyboard */; };
		C8F126532915A2EA00716AC1 /* Course.swift in Sources */ = {isa = PBXBuildFile; fileRef = C8F126522915A2E900716AC1 /* Course.swift */; };
/* End PBXBuildFile section */

/* Begin PBXFileReference section */
		C82101AA2915B9FC00DF28FC /* CoursesTableViewCell.swift */ = {isa = PBXFileReference; lastKnownFileType = sourcecode.swift; path = CoursesTableViewCell.swift; sourceTree = "<group>"; };
		C82101AC2915CA2600DF28FC /* CoursesViewController.swift */ = {isa = PBXFileReference; lastKnownFileType = sourcecode.swift; path = CoursesViewController.swift; sourceTree = "<group>"; };
		C82101AE2915CCAF00DF28FC /* Section.swift */ = {isa = PBXFileReference; lastKnownFileType = sourcecode.swift; path = Section.swift; sourceTree = "<group>"; };
		C82101B02916934600DF28FC /* SectionTableViewCell.swift */ = {isa = PBXFileReference; lastKnownFileType = sourcecode.swift; path = SectionTableViewCell.swift; sourceTree = "<group>"; };
		C85551DB2916C7B700791F52 /* CustomTabBarController.swift */ = {isa = PBXFileReference; lastKnownFileType = sourcecode.swift; path = CustomTabBarController.swift; sourceTree = "<group>"; };
		C85901892912EDB500A00C63 /* CustomBlurView.swift */ = {isa = PBXFileReference; lastKnownFileType = sourcecode.swift; path = CustomBlurView.swift; sourceTree = "<group>"; };
		C859018B2912EE4400A00C63 /* Font.swift */ = {isa = PBXFileReference; fileEncoding = 4; lastKnownFileType = sourcecode.swift; path = Font.swift; sourceTree = "<group>"; };
		C859018C2912EE4500A00C63 /* CustomView.swift */ = {isa = PBXFileReference; fileEncoding = 4; lastKnownFileType = sourcecode.swift; path = CustomView.swift; sourceTree = "<group>"; };
		C859018D2912EE4500A00C63 /* CustomImageView.swift */ = {isa = PBXFileReference; fileEncoding = 4; lastKnownFileType = sourcecode.swift; path = CustomImageView.swift; sourceTree = "<group>"; };
		C86F53712914797000AE6C22 /* HandbookCollectionViewCell.swift */ = {isa = PBXFileReference; lastKnownFileType = sourcecode.swift; path = HandbookCollectionViewCell.swift; sourceTree = "<group>"; };
		C8BD2D2F2911C4770079A959 /* DesignPlusCodeUIKit15.app */ = {isa = PBXFileReference; explicitFileType = wrapper.application; includeInIndex = 0; path = DesignPlusCodeUIKit15.app; sourceTree = BUILT_PRODUCTS_DIR; };
		C8BD2D322911C4770079A959 /* AppDelegate.swift */ = {isa = PBXFileReference; lastKnownFileType = sourcecode.swift; path = AppDelegate.swift; sourceTree = "<group>"; };
		C8BD2D342911C4770079A959 /* SceneDelegate.swift */ = {isa = PBXFileReference; lastKnownFileType = sourcecode.swift; path = SceneDelegate.swift; sourceTree = "<group>"; };
		C8BD2D362911C4770079A959 /* FeaturedViewController.swift */ = {isa = PBXFileReference; lastKnownFileType = sourcecode.swift; path = FeaturedViewController.swift; sourceTree = "<group>"; };
		C8BD2D392911C4770079A959 /* Base */ = {isa = PBXFileReference; lastKnownFileType = file.storyboard; name = Base; path = Base.lproj/Main.storyboard; sourceTree = "<group>"; };
		C8BD2D3B2911C4790079A959 /* Assets.xcassets */ = {isa = PBXFileReference; lastKnownFileType = folder.assetcatalog; path = Assets.xcassets; sourceTree = "<group>"; };
		C8BD2D3E2911C4790079A959 /* Base */ = {isa = PBXFileReference; lastKnownFileType = file.storyboard; name = Base; path = Base.lproj/LaunchScreen.storyboard; sourceTree = "<group>"; };
		C8BD2D402911C4790079A959 /* Info.plist */ = {isa = PBXFileReference; lastKnownFileType = text.plist.xml; path = Info.plist; sourceTree = "<group>"; };
		C8F126522915A2E900716AC1 /* Course.swift */ = {isa = PBXFileReference; lastKnownFileType = sourcecode.swift; path = Course.swift; sourceTree = "<group>"; };
/* End PBXFileReference section */

/* Begin PBXFrameworksBuildPhase section */
		C8BD2D2C2911C4770079A959 /* Frameworks */ = {
			isa = PBXFrameworksBuildPhase;
			buildActionMask = 2147483647;
			files = (
			);
			runOnlyForDeploymentPostprocessing = 0;
		};
/* End PBXFrameworksBuildPhase section */

/* Begin PBXGroup section */
		C85901882912ED8500A00C63 /* Helpers */ = {
			isa = PBXGroup;
			children = (
				C85901892912EDB500A00C63 /* CustomBlurView.swift */,
				C859018D2912EE4500A00C63 /* CustomImageView.swift */,
				C859018C2912EE4500A00C63 /* CustomView.swift */,
				C859018B2912EE4400A00C63 /* Font.swift */,
				C85551DB2916C7B700791F52 /* CustomTabBarController.swift */,
			);
			path = Helpers;
			sourceTree = "<group>";
		};
		C8BD2D262911C4770079A959 = {
			isa = PBXGroup;
			children = (
				C8BD2D312911C4770079A959 /* DesignPlusCodeUIKit15 */,
				C8BD2D302911C4770079A959 /* Products */,
			);
			sourceTree = "<group>";
		};
		C8BD2D302911C4770079A959 /* Products */ = {
			isa = PBXGroup;
			children = (
				C8BD2D2F2911C4770079A959 /* DesignPlusCodeUIKit15.app */,
			);
			name = Products;
			sourceTree = "<group>";
		};
		C8BD2D312911C4770079A959 /* DesignPlusCodeUIKit15 */ = {
			isa = PBXGroup;
			children = (
				C8F126542915AAB900716AC1 /* ViewControllers */,
				C8F126552915AACB00716AC1 /* Cells */,
				C8F126562915AAD800716AC1 /* Classes */,
				C85901882912ED8500A00C63 /* Helpers */,
				C8BD2D322911C4770079A959 /* AppDelegate.swift */,
				C8BD2D342911C4770079A959 /* SceneDelegate.swift */,
				C8BD2D382911C4770079A959 /* Main.storyboard */,
				C8BD2D3B2911C4790079A959 /* Assets.xcassets */,
				C8BD2D3D2911C4790079A959 /* LaunchScreen.storyboard */,
				C8BD2D402911C4790079A959 /* Info.plist */,
			);
			path = DesignPlusCodeUIKit15;
			sourceTree = "<group>";
		};
		C8F126542915AAB900716AC1 /* ViewControllers */ = {
			isa = PBXGroup;
			children = (
				C8BD2D362911C4770079A959 /* FeaturedViewController.swift */,
				C82101AC2915CA2600DF28FC /* CoursesViewController.swift */,
			);
			path = ViewControllers;
			sourceTree = "<group>";
		};
		C8F126552915AACB00716AC1 /* Cells */ = {
			isa = PBXGroup;
			children = (
				C86F53712914797000AE6C22 /* HandbookCollectionViewCell.swift */,
				C82101AA2915B9FC00DF28FC /* CoursesTableViewCell.swift */,
				C82101B02916934600DF28FC /* SectionTableViewCell.swift */,
			);
			path = Cells;
			sourceTree = "<group>";
		};
		C8F126562915AAD800716AC1 /* Classes */ = {
			isa = PBXGroup;
			children = (
				C8F126522915A2E900716AC1 /* Course.swift */,
				C82101AE2915CCAF00DF28FC /* Section.swift */,
			);
			path = Classes;
			sourceTree = "<group>";
		};
/* End PBXGroup section */

/* Begin PBXNativeTarget section */
		C8BD2D2E2911C4770079A959 /* DesignPlusCodeUIKit15 */ = {
			isa = PBXNativeTarget;
			buildConfigurationList = C8BD2D432911C4790079A959 /* Build configuration list for PBXNativeTarget "DesignPlusCodeUIKit15" */;
			buildPhases = (
				C8BD2D2B2911C4770079A959 /* Sources */,
				C8BD2D2C2911C4770079A959 /* Frameworks */,
				C8BD2D2D2911C4770079A959 /* Resources */,
			);
			buildRules = (
			);
			dependencies = (
			);
			name = DesignPlusCodeUIKit15;
			productName = DesignPlusCodeUIKit15;
			productReference = C8BD2D2F2911C4770079A959 /* DesignPlusCodeUIKit15.app */;
			productType = "com.apple.product-type.application";
		};
/* End PBXNativeTarget section */

/* Begin PBXProject section */
		C8BD2D272911C4770079A959 /* Project object */ = {
			isa = PBXProject;
			attributes = {
				BuildIndependentTargetsInParallel = 1;
				LastSwiftUpdateCheck = 1340;
				LastUpgradeCheck = 1340;
				TargetAttributes = {
					C8BD2D2E2911C4770079A959 = {
						CreatedOnToolsVersion = 13.4.1;
					};
				};
			};
			buildConfigurationList = C8BD2D2A2911C4770079A959 /* Build configuration list for PBXProject "DesignPlusCodeUIKit15" */;
			compatibilityVersion = "Xcode 13.0";
			developmentRegion = en;
			hasScannedForEncodings = 0;
			knownRegions = (
				en,
				Base,
			);
			mainGroup = C8BD2D262911C4770079A959;
			productRefGroup = C8BD2D302911C4770079A959 /* Products */;
			projectDirPath = "";
			projectRoot = "";
			targets = (
				C8BD2D2E2911C4770079A959 /* DesignPlusCodeUIKit15 */,
			);
		};
/* End PBXProject section */

/* Begin PBXResourcesBuildPhase section */
		C8BD2D2D2911C4770079A959 /* Resources */ = {
			isa = PBXResourcesBuildPhase;
			buildActionMask = 2147483647;
			files = (
				C8BD2D3F2911C4790079A959 /* LaunchScreen.storyboard in Resources */,
				C8BD2D3C2911C4790079A959 /* Assets.xcassets in Resources */,
				C8BD2D3A2911C4770079A959 /* Main.storyboard in Resources */,
			);
			runOnlyForDeploymentPostprocessing = 0;
		};
/* End PBXResourcesBuildPhase section */

/* Begin PBXSourcesBuildPhase section */
		C8BD2D2B2911C4770079A959 /* Sources */ = {
			isa = PBXSourcesBuildPhase;
			buildActionMask = 2147483647;
			files = (
				C8F126532915A2EA00716AC1 /* Course.swift in Sources */,
				C86F53722914797000AE6C22 /* HandbookCollectionViewCell.swift in Sources */,
				C82101AD2915CA2600DF28FC /* CoursesViewController.swift in Sources */,
				C82101B12916934600DF28FC /* SectionTableViewCell.swift in Sources */,
				C85551DC2916C7B700791F52 /* CustomTabBarController.swift in Sources */,
				C8BD2D372911C4770079A959 /* FeaturedViewController.swift in Sources */,
				C859018F2912EE4500A00C63 /* CustomView.swift in Sources */,
				C8BD2D332911C4770079A959 /* AppDelegate.swift in Sources */,
				C85901902912EE4500A00C63 /* CustomImageView.swift in Sources */,
				C859018E2912EE4500A00C63 /* Font.swift in Sources */,
				C8BD2D352911C4770079A959 /* SceneDelegate.swift in Sources */,
				C82101AF2915CCAF00DF28FC /* Section.swift in Sources */,
				C82101AB2915B9FC00DF28FC /* CoursesTableViewCell.swift in Sources */,
				C859018A2912EDB500A00C63 /* CustomBlurView.swift in Sources */,
			);
			runOnlyForDeploymentPostprocessing = 0;
		};
/* End PBXSourcesBuildPhase section */

/* Begin PBXVariantGroup section */
		C8BD2D382911C4770079A959 /* Main.storyboard */ = {
			isa = PBXVariantGroup;
			children = (
				C8BD2D392911C4770079A959 /* Base */,
			);
			name = Main.storyboard;
			sourceTree = "<group>";
		};
		C8BD2D3D2911C4790079A959 /* LaunchScreen.storyboard */ = {
			isa = PBXVariantGroup;
			children = (
				C8BD2D3E2911C4790079A959 /* Base */,
			);
			name = LaunchScreen.storyboard;
			sourceTree = "<group>";
		};
/* End PBXVariantGroup section */

/* Begin XCBuildConfiguration section */
		C8BD2D412911C4790079A959 /* Debug */ = {
			isa = XCBuildConfiguration;
			buildSettings = {
				ALWAYS_SEARCH_USER_PATHS = NO;
				CLANG_ANALYZER_NONNULL = YES;
				CLANG_ANALYZER_NUMBER_OBJECT_CONVERSION = YES_AGGRESSIVE;
				CLANG_CXX_LANGUAGE_STANDARD = "gnu++17";
				CLANG_ENABLE_MODULES = YES;
				CLANG_ENABLE_OBJC_ARC = YES;
				CLANG_ENABLE_OBJC_WEAK = YES;
				CLANG_WARN_BLOCK_CAPTURE_AUTORELEASING = YES;
				CLANG_WARN_BOOL_CONVERSION = YES;
				CLANG_WARN_COMMA = YES;
				CLANG_WARN_CONSTANT_CONVERSION = YES;
				CLANG_WARN_DEPRECATED_OBJC_IMPLEMENTATIONS = YES;
				CLANG_WARN_DIRECT_OBJC_ISA_USAGE = YES_ERROR;
				CLANG_WARN_DOCUMENTATION_COMMENTS = YES;
				CLANG_WARN_EMPTY_BODY = YES;
				CLANG_WARN_ENUM_CONVERSION = YES;
				CLANG_WARN_INFINITE_RECURSION = YES;
				CLANG_WARN_INT_CONVERSION = YES;
				CLANG_WARN_NON_LITERAL_NULL_CONVERSION = YES;
				CLANG_WARN_OBJC_IMPLICIT_RETAIN_SELF = YES;
				CLANG_WARN_OBJC_LITERAL_CONVERSION = YES;
				CLANG_WARN_OBJC_ROOT_CLASS = YES_ERROR;
				CLANG_WARN_QUOTED_INCLUDE_IN_FRAMEWORK_HEADER = YES;
				CLANG_WARN_RANGE_LOOP_ANALYSIS = YES;
				CLANG_WARN_STRICT_PROTOTYPES = YES;
				CLANG_WARN_SUSPICIOUS_MOVE = YES;
				CLANG_WARN_UNGUARDED_AVAILABILITY = YES_AGGRESSIVE;
				CLANG_WARN_UNREACHABLE_CODE = YES;
				CLANG_WARN__DUPLICATE_METHOD_MATCH = YES;
				COPY_PHASE_STRIP = NO;
				DEBUG_INFORMATION_FORMAT = dwarf;
				ENABLE_STRICT_OBJC_MSGSEND = YES;
				ENABLE_TESTABILITY = YES;
				GCC_C_LANGUAGE_STANDARD = gnu11;
				GCC_DYNAMIC_NO_PIC = NO;
				GCC_NO_COMMON_BLOCKS = YES;
				GCC_OPTIMIZATION_LEVEL = 0;
				GCC_PREPROCESSOR_DEFINITIONS = (
					"DEBUG=1",
					"$(inherited)",
				);
				GCC_WARN_64_TO_32_BIT_CONVERSION = YES;
				GCC_WARN_ABOUT_RETURN_TYPE = YES_ERROR;
				GCC_WARN_UNDECLARED_SELECTOR = YES;
				GCC_WARN_UNINITIALIZED_AUTOS = YES_AGGRESSIVE;
				GCC_WARN_UNUSED_FUNCTION = YES;
				GCC_WARN_UNUSED_VARIABLE = YES;
				IPHONEOS_DEPLOYMENT_TARGET = 15.5;
				MTL_ENABLE_DEBUG_INFO = INCLUDE_SOURCE;
				MTL_FAST_MATH = YES;
				ONLY_ACTIVE_ARCH = YES;
				SDKROOT = iphoneos;
				SWIFT_ACTIVE_COMPILATION_CONDITIONS = DEBUG;
				SWIFT_OPTIMIZATION_LEVEL = "-Onone";
			};
			name = Debug;
		};
		C8BD2D422911C4790079A959 /* Release */ = {
			isa = XCBuildConfiguration;
			buildSettings = {
				ALWAYS_SEARCH_USER_PATHS = NO;
				CLANG_ANALYZER_NONNULL = YES;
				CLANG_ANALYZER_NUMBER_OBJECT_CONVERSION = YES_AGGRESSIVE;
				CLANG_CXX_LANGUAGE_STANDARD = "gnu++17";
				CLANG_ENABLE_MODULES = YES;
				CLANG_ENABLE_OBJC_ARC = YES;
				CLANG_ENABLE_OBJC_WEAK = YES;
				CLANG_WARN_BLOCK_CAPTURE_AUTORELEASING = YES;
				CLANG_WARN_BOOL_CONVERSION = YES;
				CLANG_WARN_COMMA = YES;
				CLANG_WARN_CONSTANT_CONVERSION = YES;
				CLANG_WARN_DEPRECATED_OBJC_IMPLEMENTATIONS = YES;
				CLANG_WARN_DIRECT_OBJC_ISA_USAGE = YES_ERROR;
				CLANG_WARN_DOCUMENTATION_COMMENTS = YES;
				CLANG_WARN_EMPTY_BODY = YES;
				CLANG_WARN_ENUM_CONVERSION = YES;
				CLANG_WARN_INFINITE_RECURSION = YES;
				CLANG_WARN_INT_CONVERSION = YES;
				CLANG_WARN_NON_LITERAL_NULL_CONVERSION = YES;
				CLANG_WARN_OBJC_IMPLICIT_RETAIN_SELF = YES;
				CLANG_WARN_OBJC_LITERAL_CONVERSION = YES;
				CLANG_WARN_OBJC_ROOT_CLASS = YES_ERROR;
				CLANG_WARN_QUOTED_INCLUDE_IN_FRAMEWORK_HEADER = YES;
				CLANG_WARN_RANGE_LOOP_ANALYSIS = YES;
				CLANG_WARN_STRICT_PROTOTYPES = YES;
				CLANG_WARN_SUSPICIOUS_MOVE = YES;
				CLANG_WARN_UNGUARDED_AVAILABILITY = YES_AGGRESSIVE;
				CLANG_WARN_UNREACHABLE_CODE = YES;
				CLANG_WARN__DUPLICATE_METHOD_MATCH = YES;
				COPY_PHASE_STRIP = NO;
				DEBUG_INFORMATION_FORMAT = "dwarf-with-dsym";
				ENABLE_NS_ASSERTIONS = NO;
				ENABLE_STRICT_OBJC_MSGSEND = YES;
				GCC_C_LANGUAGE_STANDARD = gnu11;
				GCC_NO_COMMON_BLOCKS = YES;
				GCC_WARN_64_TO_32_BIT_CONVERSION = YES;
				GCC_WARN_ABOUT_RETURN_TYPE = YES_ERROR;
				GCC_WARN_UNDECLARED_SELECTOR = YES;
				GCC_WARN_UNINITIALIZED_AUTOS = YES_AGGRESSIVE;
				GCC_WARN_UNUSED_FUNCTION = YES;
				GCC_WARN_UNUSED_VARIABLE = YES;
				IPHONEOS_DEPLOYMENT_TARGET = 15.5;
				MTL_ENABLE_DEBUG_INFO = NO;
				MTL_FAST_MATH = YES;
				SDKROOT = iphoneos;
				SWIFT_COMPILATION_MODE = wholemodule;
				SWIFT_OPTIMIZATION_LEVEL = "-O";
				VALIDATE_PRODUCT = YES;
			};
			name = Release;
		};
		C8BD2D442911C4790079A959 /* Debug */ = {
			isa = XCBuildConfiguration;
			buildSettings = {
				ASSETCATALOG_COMPILER_APPICON_NAME = AppIcon;
				ASSETCATALOG_COMPILER_GLOBAL_ACCENT_COLOR_NAME = AccentColor;
				CODE_SIGN_STYLE = Automatic;
				CURRENT_PROJECT_VERSION = 1;
				DEVELOPMENT_TEAM = U6JX84M9ZS;
				GENERATE_INFOPLIST_FILE = YES;
				INFOPLIST_FILE = DesignPlusCodeUIKit15/Info.plist;
				INFOPLIST_KEY_UIApplicationSupportsIndirectInputEvents = YES;
				INFOPLIST_KEY_UILaunchStoryboardName = LaunchScreen;
				INFOPLIST_KEY_UIMainStoryboardFile = Main;
				INFOPLIST_KEY_UISupportedInterfaceOrientations_iPad = "UIInterfaceOrientationPortrait UIInterfaceOrientationPortraitUpsideDown UIInterfaceOrientationLandscapeLeft UIInterfaceOrientationLandscapeRight";
				INFOPLIST_KEY_UISupportedInterfaceOrientations_iPhone = "UIInterfaceOrientationPortrait UIInterfaceOrientationLandscapeLeft UIInterfaceOrientationLandscapeRight";
				LD_RUNPATH_SEARCH_PATHS = (
					"$(inherited)",
					"@executable_path/Frameworks",
				);
				MARKETING_VERSION = 1.0;
				PRODUCT_BUNDLE_IDENTIFIER = com.abanoubashraf.DesignPlusCodeUIKit15;
				PRODUCT_NAME = "$(TARGET_NAME)";
				SWIFT_EMIT_LOC_STRINGS = YES;
				SWIFT_VERSION = 5.0;
				TARGETED_DEVICE_FAMILY = "1,2";
			};
			name = Debug;
		};
		C8BD2D452911C4790079A959 /* Release */ = {
			isa = XCBuildConfiguration;
			buildSettings = {
				ASSETCATALOG_COMPILER_APPICON_NAME = AppIcon;
				ASSETCATALOG_COMPILER_GLOBAL_ACCENT_COLOR_NAME = AccentColor;
				CODE_SIGN_STYLE = Automatic;
				CURRENT_PROJECT_VERSION = 1;
				DEVELOPMENT_TEAM = U6JX84M9ZS;
				GENERATE_INFOPLIST_FILE = YES;
				INFOPLIST_FILE = DesignPlusCodeUIKit15/Info.plist;
				INFOPLIST_KEY_UIApplicationSupportsIndirectInputEvents = YES;
				INFOPLIST_KEY_UILaunchStoryboardName = LaunchScreen;
				INFOPLIST_KEY_UIMainStoryboardFile = Main;
				INFOPLIST_KEY_UISupportedInterfaceOrientations_iPad = "UIInterfaceOrientationPortrait UIInterfaceOrientationPortraitUpsideDown UIInterfaceOrientationLandscapeLeft UIInterfaceOrientationLandscapeRight";
				INFOPLIST_KEY_UISupportedInterfaceOrientations_iPhone = "UIInterfaceOrientationPortrait UIInterfaceOrientationLandscapeLeft UIInterfaceOrientationLandscapeRight";
				LD_RUNPATH_SEARCH_PATHS = (
					"$(inherited)",
					"@executable_path/Frameworks",
				);
				MARKETING_VERSION = 1.0;
				PRODUCT_BUNDLE_IDENTIFIER = com.abanoubashraf.DesignPlusCodeUIKit15;
				PRODUCT_NAME = "$(TARGET_NAME)";
				SWIFT_EMIT_LOC_STRINGS = YES;
				SWIFT_VERSION = 5.0;
				TARGETED_DEVICE_FAMILY = "1,2";
			};
			name = Release;
		};
/* End XCBuildConfiguration section */

/* Begin XCConfigurationList section */
		C8BD2D2A2911C4770079A959 /* Build configuration list for PBXProject "DesignPlusCodeUIKit15" */ = {
			isa = XCConfigurationList;
			buildConfigurations = (
				C8BD2D412911C4790079A959 /* Debug */,
				C8BD2D422911C4790079A959 /* Release */,
			);
			defaultConfigurationIsVisible = 0;
			defaultConfigurationName = Release;
		};
		C8BD2D432911C4790079A959 /* Build configuration list for PBXNativeTarget "DesignPlusCodeUIKit15" */ = {
			isa = XCConfigurationList;
			buildConfigurations = (
				C8BD2D442911C4790079A959 /* Debug */,
				C8BD2D452911C4790079A959 /* Release */,
			);
			defaultConfigurationIsVisible = 0;
			defaultConfigurationName = Release;
		};
/* End XCConfigurationList section */
	};
	rootObject = C8BD2D272911C4770079A959 /* Project object */;
}
